
Microsoft Visual Studio Solution File, Format Version 12.00
Project("{FAE04EC0-301F-11D3-BF4B-00C04F79EFBC}") = "InventorySystemV2", "InventorySystemV2\InventorySystemV2.csproj", "{38AAFB82-FB5A-4801-8DC8-FCD1EE5D5641}"
EndProject
Global
	GlobalSection(SolutionConfigurationPlatforms) = preSolution
		Debug|Any CPU = Debug|Any CPU
		Release|Any CPU = Release|Any CPU
	EndGlobalSection
	GlobalSection(ProjectConfigurationPlatforms) = postSolution
		{38AAFB82-FB5A-4801-8DC8-FCD1EE5D5641}.Debug|Any CPU.ActiveCfg = Debug|Any CPU
		{38AAFB82-FB5A-4801-8DC8-FCD1EE5D5641}.Debug|Any CPU.Build.0 = Debug|Any CPU
		{38AAFB82-FB5A-4801-8DC8-FCD1EE5D5641}.Release|Any CPU.ActiveCfg = Release|Any CPU
		{38AAFB82-FB5A-4801-8DC8-FCD1EE5D5641}.Release|Any CPU.Build.0 = Release|Any CPU
	EndGlobalSection
EndGlobal
